
Microsoft Visual Studio Solution File, Format Version 12.00
# Visual Studio Version 16
VisualStudioVersion = 16.0.33529.622
MinimumVisualStudioVersion = 10.0.40219.1
Project("{8BC9CEB8-8B4A-11D0-8D11-00A0C91BC942}") = "Learning", "Learning\Learning.vcxproj", "{40D673C5-C0D6-4B3E-88E7-F85CDC0825CC}"
EndProject
Global
	GlobalSection(SolutionConfigurationPlatforms) = preSolution
		Debug|x64 = Debug|x64
		Debug|x86 = Debug|x86
		Release|x64 = Release|x64
		Release|x86 = Release|x86
	EndGlobalSection
	GlobalSection(ProjectConfigurationPlatforms) = postSolution
		{40D673C5-C0D6-4B3E-88E7-F85CDC0825CC}.Debug|x64.ActiveCfg = Debug|x64
		{40D673C5-C0D6-4B3E-88E7-F85CDC0825CC}.Debug|x64.Build.0 = Debug|x64
		{40D673C5-C0D6-4B3E-88E7-F85CDC0825CC}.Debug|x86.ActiveCfg = Debug|Win32
		{40D673C5-C0D6-4B3E-88E7-F85CDC0825CC}.Debug|x86.Build.0 = Debug|Win32
		{40D673C5-C0D6-4B3E-88E7-F85CDC0825CC}.Release|x64.ActiveCfg = Release|x64
		{40D673C5-C0D6-4B3E-88E7-F85CDC0825CC}.Release|x64.Build.0 = Release|x64
		{40D673C5-C0D6-4B3E-88E7-F85CDC0825CC}.Release|x86.ActiveCfg = Release|Win32
		{40D673C5-C0D6-4B3E-88E7-F85CDC0825CC}.Release|x86.Build.0 = Release|Win32
	EndGlobalSection
	GlobalSection(SolutionProperties) = preSolution
		HideSolutionNode = FALSE
	EndGlobalSection
	GlobalSection(ExtensibilityGlobals) = postSolution
		SolutionGuid = {0C81261F-EC54-42A4-814A-81C431FB2622}
	EndGlobalSection
EndGlobal
